
Microsoft Visual Studio Solution File, Format Version 12.00
# Visual Studio Version 16
VisualStudioVersion = 16.0.31911.196
MinimumVisualStudioVersion = 10.0.40219.1
Project("{FAE04EC0-301F-11D3-BF4B-00C04F79EFBC}") = "Revision", "Revision\Revision.csproj", "{88DFDFB4-4F3A-44F2-A789-2F0200CEB8F2}"
EndProject
Project("{FAE04EC0-301F-11D3-BF4B-00C04F79EFBC}") = "ExcellentResult", "ExcellentResult\ExcellentResult.csproj", "{83FDE62D-EBC1-44E3-A40E-8DDCF51D562F}"
EndProject
Global
	GlobalSection(SolutionConfigurationPlatforms) = preSolution
		Debug|Any CPU = Debug|Any CPU
		Release|Any CPU = Release|Any CPU
	EndGlobalSection
	GlobalSection(ProjectConfigurationPlatforms) = postSolution
		{88DFDFB4-4F3A-44F2-A789-2F0200CEB8F2}.Debug|Any CPU.ActiveCfg = Debug|Any CPU
		{88DFDFB4-4F3A-44F2-A789-2F0200CEB8F2}.Debug|Any CPU.Build.0 = Debug|Any CPU
		{88DFDFB4-4F3A-44F2-A789-2F0200CEB8F2}.Release|Any CPU.ActiveCfg = Release|Any CPU
		{88DFDFB4-4F3A-44F2-A789-2F0200CEB8F2}.Release|Any CPU.Build.0 = Release|Any CPU
		{83FDE62D-EBC1-44E3-A40E-8DDCF51D562F}.Debug|Any CPU.ActiveCfg = Debug|Any CPU
		{83FDE62D-EBC1-44E3-A40E-8DDCF51D562F}.Debug|Any CPU.Build.0 = Debug|Any CPU
		{83FDE62D-EBC1-44E3-A40E-8DDCF51D562F}.Release|Any CPU.ActiveCfg = Release|Any CPU
		{83FDE62D-EBC1-44E3-A40E-8DDCF51D562F}.Release|Any CPU.Build.0 = Release|Any CPU
	EndGlobalSection
	GlobalSection(SolutionProperties) = preSolution
		HideSolutionNode = FALSE
	EndGlobalSection
	GlobalSection(ExtensibilityGlobals) = postSolution
		SolutionGuid = {19AFEC9E-3154-4DA5-9098-C7271A09EE09}
	EndGlobalSection
EndGlobal
